
Microsoft Visual Studio Solution File, Format Version 12.00
# Visual Studio Version 16
VisualStudioVersion = 16.0.30907.101
MinimumVisualStudioVersion = 10.0.40219.1
Project("{FAE04EC0-301F-11D3-BF4B-00C04F79EFBC}") = "TestSite", "TestSite\TestSite.csproj", "{648ACB1F-38D7-4A69-BB79-614F47C0EC33}"
EndProject
Global
	GlobalSection(SolutionConfigurationPlatforms) = preSolution
		Debug|Any CPU = Debug|Any CPU
		Release|Any CPU = Release|Any CPU
	EndGlobalSection
	GlobalSection(ProjectConfigurationPlatforms) = postSolution
		{648ACB1F-38D7-4A69-BB79-614F47C0EC33}.Debug|Any CPU.ActiveCfg = Debug|Any CPU
		{648ACB1F-38D7-4A69-BB79-614F47C0EC33}.Debug|Any CPU.Build.0 = Debug|Any CPU
		{648ACB1F-38D7-4A69-BB79-614F47C0EC33}.Release|Any CPU.ActiveCfg = Release|Any CPU
		{648ACB1F-38D7-4A69-BB79-614F47C0EC33}.Release|Any CPU.Build.0 = Release|Any CPU
	EndGlobalSection
	GlobalSection(SolutionProperties) = preSolution
		HideSolutionNode = FALSE
	EndGlobalSection
	GlobalSection(ExtensibilityGlobals) = postSolution
		SolutionGuid = {3BAEB444-0203-49B1-AA72-A6BAA21AFA97}
	EndGlobalSection
EndGlobal
